
Microsoft Visual Studio Solution File, Format Version 12.00
# Visual Studio Version 17
VisualStudioVersion = 17.2.32630.192
MinimumVisualStudioVersion = 10.0.40219.1
Project("{9A19103F-16F7-4668-BE54-9A1E7A4F7556}") = "GlobalHotkeys", "GlobalHotkeys.csproj", "{4985CAE9-3526-4763-8B43-72CBC62A60D1}"
EndProject
Project("{54435603-DBB4-11D2-8724-00A0C9A8B90C}") = "AppSetup", "AppSetup\AppSetup.vdproj", "{CAFDE661-3B8E-44A4-B9B6-7AD4E97C4B36}"
EndProject
Global
	GlobalSection(SolutionConfigurationPlatforms) = preSolution
		Debug|Any CPU = Debug|Any CPU
		Release|Any CPU = Release|Any CPU
	EndGlobalSection
	GlobalSection(ProjectConfigurationPlatforms) = postSolution
		{4985CAE9-3526-4763-8B43-72CBC62A60D1}.Debug|Any CPU.ActiveCfg = Debug|Any CPU
		{4985CAE9-3526-4763-8B43-72CBC62A60D1}.Debug|Any CPU.Build.0 = Debug|Any CPU
		{4985CAE9-3526-4763-8B43-72CBC62A60D1}.Release|Any CPU.ActiveCfg = Release|Any CPU
		{4985CAE9-3526-4763-8B43-72CBC62A60D1}.Release|Any CPU.Build.0 = Release|Any CPU
		{CAFDE661-3B8E-44A4-B9B6-7AD4E97C4B36}.Debug|Any CPU.ActiveCfg = Debug
		{CAFDE661-3B8E-44A4-B9B6-7AD4E97C4B36}.Release|Any CPU.ActiveCfg = Release
	EndGlobalSection
	GlobalSection(SolutionProperties) = preSolution
		HideSolutionNode = FALSE
	EndGlobalSection
	GlobalSection(ExtensibilityGlobals) = postSolution
		SolutionGuid = {2EF9E772-BA27-458A-BB4E-8D817CA116AD}
	EndGlobalSection
EndGlobal
